
Microsoft Visual Studio Solution File, Format Version 12.00
# Visual Studio Version 16
VisualStudioVersion = 16.0.32002.261
MinimumVisualStudioVersion = 10.0.40219.1
Project("{9A19103F-16F7-4668-BE54-9A1E7A4F7556}") = "Orderino.Server", "Orderino\Server\Orderino.Server.csproj", "{2EA3B1B5-1011-42E4-862D-4F156AD118B7}"
EndProject
Project("{9A19103F-16F7-4668-BE54-9A1E7A4F7556}") = "Orderino.Client", "Orderino\Client\Orderino.Client.csproj", "{F9B2A81F-B475-41D7-882C-A30A6D1D6113}"
EndProject
Project("{9A19103F-16F7-4668-BE54-9A1E7A4F7556}") = "Orderino.Shared", "Orderino\Shared\Orderino.Shared.csproj", "{10857BD1-45B9-40BC-A04A-AD2C3BF93E7A}"
EndProject
Project("{9A19103F-16F7-4668-BE54-9A1E7A4F7556}") = "Orderino.Infrastructure", "Orderino.Repository\Orderino.Infrastructure.csproj", "{3A0B8E11-DE5C-4B3F-84B9-872CABDAD8E5}"
EndProject
Global
	GlobalSection(SolutionConfigurationPlatforms) = preSolution
		Debug|Any CPU = Debug|Any CPU
		Release|Any CPU = Release|Any CPU
	EndGlobalSection
	GlobalSection(ProjectConfigurationPlatforms) = postSolution
		{2EA3B1B5-1011-42E4-862D-4F156AD118B7}.Debug|Any CPU.ActiveCfg = Debug|Any CPU
		{2EA3B1B5-1011-42E4-862D-4F156AD118B7}.Debug|Any CPU.Build.0 = Debug|Any CPU
		{2EA3B1B5-1011-42E4-862D-4F156AD118B7}.Release|Any CPU.ActiveCfg = Release|Any CPU
		{2EA3B1B5-1011-42E4-862D-4F156AD118B7}.Release|Any CPU.Build.0 = Release|Any CPU
		{F9B2A81F-B475-41D7-882C-A30A6D1D6113}.Debug|Any CPU.ActiveCfg = Debug|Any CPU
		{F9B2A81F-B475-41D7-882C-A30A6D1D6113}.Debug|Any CPU.Build.0 = Debug|Any CPU
		{F9B2A81F-B475-41D7-882C-A30A6D1D6113}.Release|Any CPU.ActiveCfg = Release|Any CPU
		{F9B2A81F-B475-41D7-882C-A30A6D1D6113}.Release|Any CPU.Build.0 = Release|Any CPU
		{10857BD1-45B9-40BC-A04A-AD2C3BF93E7A}.Debug|Any CPU.ActiveCfg = Debug|Any CPU
		{10857BD1-45B9-40BC-A04A-AD2C3BF93E7A}.Debug|Any CPU.Build.0 = Debug|Any CPU
		{10857BD1-45B9-40BC-A04A-AD2C3BF93E7A}.Release|Any CPU.ActiveCfg = Release|Any CPU
		{10857BD1-45B9-40BC-A04A-AD2C3BF93E7A}.Release|Any CPU.Build.0 = Release|Any CPU
		{3A0B8E11-DE5C-4B3F-84B9-872CABDAD8E5}.Debug|Any CPU.ActiveCfg = Debug|Any CPU
		{3A0B8E11-DE5C-4B3F-84B9-872CABDAD8E5}.Debug|Any CPU.Build.0 = Debug|Any CPU
		{3A0B8E11-DE5C-4B3F-84B9-872CABDAD8E5}.Release|Any CPU.ActiveCfg = Release|Any CPU
		{3A0B8E11-DE5C-4B3F-84B9-872CABDAD8E5}.Release|Any CPU.Build.0 = Release|Any CPU
	EndGlobalSection
	GlobalSection(SolutionProperties) = preSolution
		HideSolutionNode = FALSE
	EndGlobalSection
	GlobalSection(ExtensibilityGlobals) = postSolution
		SolutionGuid = {1E53543A-5751-47BD-A7BF-CC1AA12D0D41}
	EndGlobalSection
EndGlobal
