
Microsoft Visual Studio Solution File, Format Version 12.00
# Visual Studio Version 16
VisualStudioVersion = 16.0.30804.86
MinimumVisualStudioVersion = 10.0.40219.1
Project("{9A19103F-16F7-4668-BE54-9A1E7A4F7556}") = "Orderino", "Orderino\Orderino.csproj", "{75564B86-1687-4E5A-881E-A3D43DB86931}"
EndProject
Project("{9A19103F-16F7-4668-BE54-9A1E7A4F7556}") = "Orderino.Repository", "Orderino.Repository\Orderino.Repository.csproj", "{B5E57EA6-9F51-49BE-A9FF-8DED47EF6ACD}"
EndProject
Global
	GlobalSection(SolutionConfigurationPlatforms) = preSolution
		Debug|Any CPU = Debug|Any CPU
		Release|Any CPU = Release|Any CPU
	EndGlobalSection
	GlobalSection(ProjectConfigurationPlatforms) = postSolution
		{75564B86-1687-4E5A-881E-A3D43DB86931}.Debug|Any CPU.ActiveCfg = Debug|Any CPU
		{75564B86-1687-4E5A-881E-A3D43DB86931}.Debug|Any CPU.Build.0 = Debug|Any CPU
		{75564B86-1687-4E5A-881E-A3D43DB86931}.Release|Any CPU.ActiveCfg = Release|Any CPU
		{75564B86-1687-4E5A-881E-A3D43DB86931}.Release|Any CPU.Build.0 = Release|Any CPU
		{B5E57EA6-9F51-49BE-A9FF-8DED47EF6ACD}.Debug|Any CPU.ActiveCfg = Debug|Any CPU
		{B5E57EA6-9F51-49BE-A9FF-8DED47EF6ACD}.Debug|Any CPU.Build.0 = Debug|Any CPU
		{B5E57EA6-9F51-49BE-A9FF-8DED47EF6ACD}.Release|Any CPU.ActiveCfg = Release|Any CPU
		{B5E57EA6-9F51-49BE-A9FF-8DED47EF6ACD}.Release|Any CPU.Build.0 = Release|Any CPU
	EndGlobalSection
	GlobalSection(SolutionProperties) = preSolution
		HideSolutionNode = FALSE
	EndGlobalSection
	GlobalSection(ExtensibilityGlobals) = postSolution
		SolutionGuid = {C3E29BB0-0833-41A6-BBD3-AEE2D30B4128}
	EndGlobalSection
EndGlobal
